
Microsoft Visual Studio Solution File, Format Version 12.00
# Visual Studio 15
VisualStudioVersion = 15.0.28307.2092
MinimumVisualStudioVersion = 10.0.40219.1
Project("{8BC9CEB8-8B4A-11D0-8D11-00A0C91BC942}") = "Chap3-TP1exo1", "Chapiter3\Chapiter3.vcxproj", "{9692EDEB-7AC4-4FB0-A199-381DDA2ADA99}"
EndProject
Project("{8BC9CEB8-8B4A-11D0-8D11-00A0C91BC942}") = "Chap3-TP1exo2", "TP1\TP1.vcxproj", "{31681D7D-1419-472F-A3E6-145CB90A8E40}"
EndProject
Project("{8BC9CEB8-8B4A-11D0-8D11-00A0C91BC942}") = "Chap3-TP1exo3", "Chapitre3.1\Chapitre3.1.vcxproj", "{2687359F-6FDC-4783-AE0A-3B6FC2F5A36F}"
EndProject
Project("{8BC9CEB8-8B4A-11D0-8D11-00A0C91BC942}") = "Chap3-TP1exo4", "Chapitre3.3\Chapitre3.3.vcxproj", "{5F5491B3-6D04-4A30-A87D-F880ED7A929B}"
EndProject
Project("{8BC9CEB8-8B4A-11D0-8D11-00A0C91BC942}") = "Chap3-TP1exo5", "Chapitre3.4\Chapitre3.4.vcxproj", "{F5227EC0-5C61-449A-803E-EB9151A45975}"
EndProject
Project("{8BC9CEB8-8B4A-11D0-8D11-00A0C91BC942}") = "Chap3-TP1exo6", "Chapitre3.5\Chapitre3.5.vcxproj", "{D516AF1B-2C8B-4D6C-AA87-86E7A2A11FBC}"
EndProject
Project("{8BC9CEB8-8B4A-11D0-8D11-00A0C91BC942}") = "Chap3-TP2exo1", "Chapitre3.6\Chapitre3.6.vcxproj", "{7C2184BE-8077-4452-877A-6397E23B1DC0}"
EndProject
Project("{8BC9CEB8-8B4A-11D0-8D11-00A0C91BC942}") = "Chap3-TP2exo2", "Chapitre3.7\Chapitre3.7.vcxproj", "{3A6E52C8-3F3F-4888-87E9-5787975360B6}"
EndProject
Project("{8BC9CEB8-8B4A-11D0-8D11-00A0C91BC942}") = "Chap3-TP2exo3", "Chapitre3.0.8\Chapitre3.0.8.vcxproj", "{6C3E50A9-5443-4065-A9AE-08FA03AE2C5D}"
EndProject
Project("{8BC9CEB8-8B4A-11D0-8D11-00A0C91BC942}") = "Chap3-TP2exo4", "Chapitre3.0.9\Chapitre3.0.9.vcxproj", "{AA696662-A861-46F2-9A94-DA00C250216F}"
EndProject
Project("{8BC9CEB8-8B4A-11D0-8D11-00A0C91BC942}") = "Chapitre4.0", "TP3\TP3.vcxproj", "{EEC3B8A7-2CAF-4084-A39E-B070AFFCE688}"
EndProject
Project("{8BC9CEB8-8B4A-11D0-8D11-00A0C91BC942}") = "Chap1-TP1exo1", "Chapitre1.0\Chapitre1.0.vcxproj", "{4E642C8C-A79E-48B5-9BF6-401D2136BD04}"
EndProject
Project("{8BC9CEB8-8B4A-11D0-8D11-00A0C91BC942}") = "Chap1-TP1exo2", "Chapitre1.1\Chapitre1.1.vcxproj", "{3A8CECF7-F0F4-42D4-94C9-338473F697D4}"
EndProject
Project("{8BC9CEB8-8B4A-11D0-8D11-00A0C91BC942}") = "Chap1-TP1exo3", "Chapitre1.2\Chapitre1.2.vcxproj", "{F3A0F335-F9F7-40BA-B0F8-CFA1D891FB9D}"
EndProject
Project("{8BC9CEB8-8B4A-11D0-8D11-00A0C91BC942}") = "Chap1-TP1exo4", "Chapitre1.3\Chapitre1.3.vcxproj", "{D8457940-9599-4F41-B717-9D54C9BFA2C9}"
EndProject
Project("{8BC9CEB8-8B4A-11D0-8D11-00A0C91BC942}") = "Chap1-TP1exo6", "Chapitre1.4\Chapitre1.4.vcxproj", "{2077D3AA-8222-4981-A3A1-F051EFD2215E}"
EndProject
Project("{8BC9CEB8-8B4A-11D0-8D11-00A0C91BC942}") = "Chap1-TP1exo5", "Chapitre1.5\Chapitre1.5.vcxproj", "{C0B93F03-BBAA-42D9-BFE4-68FA7FC8A795}"
EndProject
Project("{8BC9CEB8-8B4A-11D0-8D11-00A0C91BC942}") = "Chap1-TP1exo7", "Chapitre1.6\Chapitre1.6.vcxproj", "{C5C78EF4-2817-405F-9BB9-9F40E469AFFF}"
EndProject
Global
	GlobalSection(SolutionConfigurationPlatforms) = preSolution
		Debug|x64 = Debug|x64
		Debug|x86 = Debug|x86
		Release|x64 = Release|x64
		Release|x86 = Release|x86
	EndGlobalSection
	GlobalSection(ProjectConfigurationPlatforms) = postSolution
		{9692EDEB-7AC4-4FB0-A199-381DDA2ADA99}.Debug|x64.ActiveCfg = Debug|x64
		{9692EDEB-7AC4-4FB0-A199-381DDA2ADA99}.Debug|x64.Build.0 = Debug|x64
		{9692EDEB-7AC4-4FB0-A199-381DDA2ADA99}.Debug|x86.ActiveCfg = Debug|Win32
		{9692EDEB-7AC4-4FB0-A199-381DDA2ADA99}.Debug|x86.Build.0 = Debug|Win32
		{9692EDEB-7AC4-4FB0-A199-381DDA2ADA99}.Release|x64.ActiveCfg = Release|x64
		{9692EDEB-7AC4-4FB0-A199-381DDA2ADA99}.Release|x64.Build.0 = Release|x64
		{9692EDEB-7AC4-4FB0-A199-381DDA2ADA99}.Release|x86.ActiveCfg = Release|Win32
		{9692EDEB-7AC4-4FB0-A199-381DDA2ADA99}.Release|x86.Build.0 = Release|Win32
		{31681D7D-1419-472F-A3E6-145CB90A8E40}.Debug|x64.ActiveCfg = Debug|x64
		{31681D7D-1419-472F-A3E6-145CB90A8E40}.Debug|x64.Build.0 = Debug|x64
		{31681D7D-1419-472F-A3E6-145CB90A8E40}.Debug|x86.ActiveCfg = Debug|Win32
		{31681D7D-1419-472F-A3E6-145CB90A8E40}.Debug|x86.Build.0 = Debug|Win32
		{31681D7D-1419-472F-A3E6-145CB90A8E40}.Release|x64.ActiveCfg = Release|x64
		{31681D7D-1419-472F-A3E6-145CB90A8E40}.Release|x64.Build.0 = Release|x64
		{31681D7D-1419-472F-A3E6-145CB90A8E40}.Release|x86.ActiveCfg = Release|Win32
		{31681D7D-1419-472F-A3E6-145CB90A8E40}.Release|x86.Build.0 = Release|Win32
		{2687359F-6FDC-4783-AE0A-3B6FC2F5A36F}.Debug|x64.ActiveCfg = Debug|x64
		{2687359F-6FDC-4783-AE0A-3B6FC2F5A36F}.Debug|x64.Build.0 = Debug|x64
		{2687359F-6FDC-4783-AE0A-3B6FC2F5A36F}.Debug|x86.ActiveCfg = Debug|Win32
		{2687359F-6FDC-4783-AE0A-3B6FC2F5A36F}.Debug|x86.Build.0 = Debug|Win32
		{2687359F-6FDC-4783-AE0A-3B6FC2F5A36F}.Release|x64.ActiveCfg = Release|x64
		{2687359F-6FDC-4783-AE0A-3B6FC2F5A36F}.Release|x64.Build.0 = Release|x64
		{2687359F-6FDC-4783-AE0A-3B6FC2F5A36F}.Release|x86.ActiveCfg = Release|Win32
		{2687359F-6FDC-4783-AE0A-3B6FC2F5A36F}.Release|x86.Build.0 = Release|Win32
		{5F5491B3-6D04-4A30-A87D-F880ED7A929B}.Debug|x64.ActiveCfg = Debug|x64
		{5F5491B3-6D04-4A30-A87D-F880ED7A929B}.Debug|x64.Build.0 = Debug|x64
		{5F5491B3-6D04-4A30-A87D-F880ED7A929B}.Debug|x86.ActiveCfg = Debug|Win32
		{5F5491B3-6D04-4A30-A87D-F880ED7A929B}.Debug|x86.Build.0 = Debug|Win32
		{5F5491B3-6D04-4A30-A87D-F880ED7A929B}.Release|x64.ActiveCfg = Release|x64
		{5F5491B3-6D04-4A30-A87D-F880ED7A929B}.Release|x64.Build.0 = Release|x64
		{5F5491B3-6D04-4A30-A87D-F880ED7A929B}.Release|x86.ActiveCfg = Release|Win32
		{5F5491B3-6D04-4A30-A87D-F880ED7A929B}.Release|x86.Build.0 = Release|Win32
		{F5227EC0-5C61-449A-803E-EB9151A45975}.Debug|x64.ActiveCfg = Debug|x64
		{F5227EC0-5C61-449A-803E-EB9151A45975}.Debug|x64.Build.0 = Debug|x64
		{F5227EC0-5C61-449A-803E-EB9151A45975}.Debug|x86.ActiveCfg = Debug|Win32
		{F5227EC0-5C61-449A-803E-EB9151A45975}.Debug|x86.Build.0 = Debug|Win32
		{F5227EC0-5C61-449A-803E-EB9151A45975}.Release|x64.ActiveCfg = Release|x64
		{F5227EC0-5C61-449A-803E-EB9151A45975}.Release|x64.Build.0 = Release|x64
		{F5227EC0-5C61-449A-803E-EB9151A45975}.Release|x86.ActiveCfg = Release|Win32
		{F5227EC0-5C61-449A-803E-EB9151A45975}.Release|x86.Build.0 = Release|Win32
		{D516AF1B-2C8B-4D6C-AA87-86E7A2A11FBC}.Debug|x64.ActiveCfg = Debug|x64
		{D516AF1B-2C8B-4D6C-AA87-86E7A2A11FBC}.Debug|x64.Build.0 = Debug|x64
		{D516AF1B-2C8B-4D6C-AA87-86E7A2A11FBC}.Debug|x86.ActiveCfg = Debug|Win32
		{D516AF1B-2C8B-4D6C-AA87-86E7A2A11FBC}.Debug|x86.Build.0 = Debug|Win32
		{D516AF1B-2C8B-4D6C-AA87-86E7A2A11FBC}.Release|x64.ActiveCfg = Release|x64
		{D516AF1B-2C8B-4D6C-AA87-86E7A2A11FBC}.Release|x64.Build.0 = Release|x64
		{D516AF1B-2C8B-4D6C-AA87-86E7A2A11FBC}.Release|x86.ActiveCfg = Release|Win32
		{D516AF1B-2C8B-4D6C-AA87-86E7A2A11FBC}.Release|x86.Build.0 = Release|Win32
		{7C2184BE-8077-4452-877A-6397E23B1DC0}.Debug|x64.ActiveCfg = Debug|x64
		{7C2184BE-8077-4452-877A-6397E23B1DC0}.Debug|x64.Build.0 = Debug|x64
		{7C2184BE-8077-4452-877A-6397E23B1DC0}.Debug|x86.ActiveCfg = Debug|Win32
		{7C2184BE-8077-4452-877A-6397E23B1DC0}.Debug|x86.Build.0 = Debug|Win32
		{7C2184BE-8077-4452-877A-6397E23B1DC0}.Release|x64.ActiveCfg = Release|x64
		{7C2184BE-8077-4452-877A-6397E23B1DC0}.Release|x64.Build.0 = Release|x64
		{7C2184BE-8077-4452-877A-6397E23B1DC0}.Release|x86.ActiveCfg = Release|Win32
		{7C2184BE-8077-4452-877A-6397E23B1DC0}.Release|x86.Build.0 = Release|Win32
		{3A6E52C8-3F3F-4888-87E9-5787975360B6}.Debug|x64.ActiveCfg = Debug|x64
		{3A6E52C8-3F3F-4888-87E9-5787975360B6}.Debug|x64.Build.0 = Debug|x64
		{3A6E52C8-3F3F-4888-87E9-5787975360B6}.Debug|x86.ActiveCfg = Debug|Win32
		{3A6E52C8-3F3F-4888-87E9-5787975360B6}.Debug|x86.Build.0 = Debug|Win32
		{3A6E52C8-3F3F-4888-87E9-5787975360B6}.Release|x64.ActiveCfg = Release|x64
		{3A6E52C8-3F3F-4888-87E9-5787975360B6}.Release|x64.Build.0 = Release|x64
		{3A6E52C8-3F3F-4888-87E9-5787975360B6}.Release|x86.ActiveCfg = Release|Win32
		{3A6E52C8-3F3F-4888-87E9-5787975360B6}.Release|x86.Build.0 = Release|Win32
		{6C3E50A9-5443-4065-A9AE-08FA03AE2C5D}.Debug|x64.ActiveCfg = Debug|x64
		{6C3E50A9-5443-4065-A9AE-08FA03AE2C5D}.Debug|x64.Build.0 = Debug|x64
		{6C3E50A9-5443-4065-A9AE-08FA03AE2C5D}.Debug|x86.ActiveCfg = Debug|Win32
		{6C3E50A9-5443-4065-A9AE-08FA03AE2C5D}.Debug|x86.Build.0 = Debug|Win32
		{6C3E50A9-5443-4065-A9AE-08FA03AE2C5D}.Release|x64.ActiveCfg = Release|x64
		{6C3E50A9-5443-4065-A9AE-08FA03AE2C5D}.Release|x64.Build.0 = Release|x64
		{6C3E50A9-5443-4065-A9AE-08FA03AE2C5D}.Release|x86.ActiveCfg = Release|Win32
		{6C3E50A9-5443-4065-A9AE-08FA03AE2C5D}.Release|x86.Build.0 = Release|Win32
		{AA696662-A861-46F2-9A94-DA00C250216F}.Debug|x64.ActiveCfg = Debug|x64
		{AA696662-A861-46F2-9A94-DA00C250216F}.Debug|x64.Build.0 = Debug|x64
		{AA696662-A861-46F2-9A94-DA00C250216F}.Debug|x86.ActiveCfg = Debug|Win32
		{AA696662-A861-46F2-9A94-DA00C250216F}.Debug|x86.Build.0 = Debug|Win32
		{AA696662-A861-46F2-9A94-DA00C250216F}.Release|x64.ActiveCfg = Release|x64
		{AA696662-A861-46F2-9A94-DA00C250216F}.Release|x64.Build.0 = Release|x64
		{AA696662-A861-46F2-9A94-DA00C250216F}.Release|x86.ActiveCfg = Release|Win32
		{AA696662-A861-46F2-9A94-DA00C250216F}.Release|x86.Build.0 = Release|Win32
		{EEC3B8A7-2CAF-4084-A39E-B070AFFCE688}.Debug|x64.ActiveCfg = Debug|x64
		{EEC3B8A7-2CAF-4084-A39E-B070AFFCE688}.Debug|x64.Build.0 = Debug|x64
		{EEC3B8A7-2CAF-4084-A39E-B070AFFCE688}.Debug|x86.ActiveCfg = Debug|Win32
		{EEC3B8A7-2CAF-4084-A39E-B070AFFCE688}.Debug|x86.Build.0 = Debug|Win32
		{EEC3B8A7-2CAF-4084-A39E-B070AFFCE688}.Release|x64.ActiveCfg = Release|x64
		{EEC3B8A7-2CAF-4084-A39E-B070AFFCE688}.Release|x64.Build.0 = Release|x64
		{EEC3B8A7-2CAF-4084-A39E-B070AFFCE688}.Release|x86.ActiveCfg = Release|Win32
		{EEC3B8A7-2CAF-4084-A39E-B070AFFCE688}.Release|x86.Build.0 = Release|Win32
		{4E642C8C-A79E-48B5-9BF6-401D2136BD04}.Debug|x64.ActiveCfg = Debug|x64
		{4E642C8C-A79E-48B5-9BF6-401D2136BD04}.Debug|x64.Build.0 = Debug|x64
		{4E642C8C-A79E-48B5-9BF6-401D2136BD04}.Debug|x86.ActiveCfg = Debug|Win32
		{4E642C8C-A79E-48B5-9BF6-401D2136BD04}.Debug|x86.Build.0 = Debug|Win32
		{4E642C8C-A79E-48B5-9BF6-401D2136BD04}.Release|x64.ActiveCfg = Release|x64
		{4E642C8C-A79E-48B5-9BF6-401D2136BD04}.Release|x64.Build.0 = Release|x64
		{4E642C8C-A79E-48B5-9BF6-401D2136BD04}.Release|x86.ActiveCfg = Release|Win32
		{4E642C8C-A79E-48B5-9BF6-401D2136BD04}.Release|x86.Build.0 = Release|Win32
		{3A8CECF7-F0F4-42D4-94C9-338473F697D4}.Debug|x64.ActiveCfg = Debug|x64
		{3A8CECF7-F0F4-42D4-94C9-338473F697D4}.Debug|x64.Build.0 = Debug|x64
		{3A8CECF7-F0F4-42D4-94C9-338473F697D4}.Debug|x86.ActiveCfg = Debug|Win32
		{3A8CECF7-F0F4-42D4-94C9-338473F697D4}.Debug|x86.Build.0 = Debug|Win32
		{3A8CECF7-F0F4-42D4-94C9-338473F697D4}.Release|x64.ActiveCfg = Release|x64
		{3A8CECF7-F0F4-42D4-94C9-338473F697D4}.Release|x64.Build.0 = Release|x64
		{3A8CECF7-F0F4-42D4-94C9-338473F697D4}.Release|x86.ActiveCfg = Release|Win32
		{3A8CECF7-F0F4-42D4-94C9-338473F697D4}.Release|x86.Build.0 = Release|Win32
		{F3A0F335-F9F7-40BA-B0F8-CFA1D891FB9D}.Debug|x64.ActiveCfg = Debug|x64
		{F3A0F335-F9F7-40BA-B0F8-CFA1D891FB9D}.Debug|x64.Build.0 = Debug|x64
		{F3A0F335-F9F7-40BA-B0F8-CFA1D891FB9D}.Debug|x86.ActiveCfg = Debug|Win32
		{F3A0F335-F9F7-40BA-B0F8-CFA1D891FB9D}.Debug|x86.Build.0 = Debug|Win32
		{F3A0F335-F9F7-40BA-B0F8-CFA1D891FB9D}.Release|x64.ActiveCfg = Release|x64
		{F3A0F335-F9F7-40BA-B0F8-CFA1D891FB9D}.Release|x64.Build.0 = Release|x64
		{F3A0F335-F9F7-40BA-B0F8-CFA1D891FB9D}.Release|x86.ActiveCfg = Release|Win32
		{F3A0F335-F9F7-40BA-B0F8-CFA1D891FB9D}.Release|x86.Build.0 = Release|Win32
		{D8457940-9599-4F41-B717-9D54C9BFA2C9}.Debug|x64.ActiveCfg = Debug|x64
		{D8457940-9599-4F41-B717-9D54C9BFA2C9}.Debug|x64.Build.0 = Debug|x64
		{D8457940-9599-4F41-B717-9D54C9BFA2C9}.Debug|x86.ActiveCfg = Debug|Win32
		{D8457940-9599-4F41-B717-9D54C9BFA2C9}.Debug|x86.Build.0 = Debug|Win32
		{D8457940-9599-4F41-B717-9D54C9BFA2C9}.Release|x64.ActiveCfg = Release|x64
		{D8457940-9599-4F41-B717-9D54C9BFA2C9}.Release|x64.Build.0 = Release|x64
		{D8457940-9599-4F41-B717-9D54C9BFA2C9}.Release|x86.ActiveCfg = Release|Win32
		{D8457940-9599-4F41-B717-9D54C9BFA2C9}.Release|x86.Build.0 = Release|Win32
		{2077D3AA-8222-4981-A3A1-F051EFD2215E}.Debug|x64.ActiveCfg = Debug|x64
		{2077D3AA-8222-4981-A3A1-F051EFD2215E}.Debug|x64.Build.0 = Debug|x64
		{2077D3AA-8222-4981-A3A1-F051EFD2215E}.Debug|x86.ActiveCfg = Debug|Win32
		{2077D3AA-8222-4981-A3A1-F051EFD2215E}.Debug|x86.Build.0 = Debug|Win32
		{2077D3AA-8222-4981-A3A1-F051EFD2215E}.Release|x64.ActiveCfg = Release|x64
		{2077D3AA-8222-4981-A3A1-F051EFD2215E}.Release|x64.Build.0 = Release|x64
		{2077D3AA-8222-4981-A3A1-F051EFD2215E}.Release|x86.ActiveCfg = Release|Win32
		{2077D3AA-8222-4981-A3A1-F051EFD2215E}.Release|x86.Build.0 = Release|Win32
		{C0B93F03-BBAA-42D9-BFE4-68FA7FC8A795}.Debug|x64.ActiveCfg = Debug|x64
		{C0B93F03-BBAA-42D9-BFE4-68FA7FC8A795}.Debug|x64.Build.0 = Debug|x64
		{C0B93F03-BBAA-42D9-BFE4-68FA7FC8A795}.Debug|x86.ActiveCfg = Debug|Win32
		{C0B93F03-BBAA-42D9-BFE4-68FA7FC8A795}.Debug|x86.Build.0 = Debug|Win32
		{C0B93F03-BBAA-42D9-BFE4-68FA7FC8A795}.Release|x64.ActiveCfg = Release|x64
		{C0B93F03-BBAA-42D9-BFE4-68FA7FC8A795}.Release|x64.Build.0 = Release|x64
		{C0B93F03-BBAA-42D9-BFE4-68FA7FC8A795}.Release|x86.ActiveCfg = Release|Win32
		{C0B93F03-BBAA-42D9-BFE4-68FA7FC8A795}.Release|x86.Build.0 = Release|Win32
		{C5C78EF4-2817-405F-9BB9-9F40E469AFFF}.Debug|x64.ActiveCfg = Debug|x64
		{C5C78EF4-2817-405F-9BB9-9F40E469AFFF}.Debug|x64.Build.0 = Debug|x64
		{C5C78EF4-2817-405F-9BB9-9F40E469AFFF}.Debug|x86.ActiveCfg = Debug|Win32
		{C5C78EF4-2817-405F-9BB9-9F40E469AFFF}.Debug|x86.Build.0 = Debug|Win32
		{C5C78EF4-2817-405F-9BB9-9F40E469AFFF}.Release|x64.ActiveCfg = Release|x64
		{C5C78EF4-2817-405F-9BB9-9F40E469AFFF}.Release|x64.Build.0 = Release|x64
		{C5C78EF4-2817-405F-9BB9-9F40E469AFFF}.Release|x86.ActiveCfg = Release|Win32
		{C5C78EF4-2817-405F-9BB9-9F40E469AFFF}.Release|x86.Build.0 = Release|Win32
	EndGlobalSection
	GlobalSection(SolutionProperties) = preSolution
		HideSolutionNode = FALSE
	EndGlobalSection
	GlobalSection(ExtensibilityGlobals) = postSolution
		SolutionGuid = {8C74807F-5D5E-401A-B491-0BABAE1B8E80}
	EndGlobalSection
EndGlobal
