
Microsoft Visual Studio Solution File, Format Version 12.00
# Visual Studio 15
VisualStudioVersion = 15.0.28307.2092
MinimumVisualStudioVersion = 10.0.40219.1
Project("{8BC9CEB8-8B4A-11D0-8D11-00A0C91BC942}") = "TP1EX4", "EX1\EX1.vcxproj", "{770761A1-633B-46B0-8FEE-DDD1F5640043}"
EndProject
Project("{8BC9CEB8-8B4A-11D0-8D11-00A0C91BC942}") = "TP1Ex5", "TP1Ex5\TP1Ex5.vcxproj", "{20CF34F5-53F0-4D30-92C3-EFDAD578FC19}"
EndProject
Project("{8BC9CEB8-8B4A-11D0-8D11-00A0C91BC942}") = "TP1Ex6", "TP1Ex6\TP1Ex6.vcxproj", "{58211F43-441C-4C1A-A70E-7726CCD6549A}"
EndProject
Project("{8BC9CEB8-8B4A-11D0-8D11-00A0C91BC942}") = "TP1Ex7", "TP1Ex7\TP1Ex7.vcxproj", "{BC4F5B27-823C-4AC7-87A8-A85F0E0DD213}"
EndProject
Project("{8BC9CEB8-8B4A-11D0-8D11-00A0C91BC942}") = "TP2Ex1", "TP2Ex1\TP2Ex1.vcxproj", "{104F4010-E421-4457-B796-01D6C70F066C}"
EndProject
Project("{8BC9CEB8-8B4A-11D0-8D11-00A0C91BC942}") = "TP2EX2", "TP2EX2\TP2EX2.vcxproj", "{DB25940B-AE32-49BA-B94A-91B9F01784F2}"
EndProject
Project("{8BC9CEB8-8B4A-11D0-8D11-00A0C91BC942}") = "TPEx3", "TPEx3\TPEx3.vcxproj", "{1521DF56-4771-4BEB-922A-C7B3ED8C0578}"
EndProject
Global
	GlobalSection(SolutionConfigurationPlatforms) = preSolution
		Debug|x64 = Debug|x64
		Debug|x86 = Debug|x86
		Release|x64 = Release|x64
		Release|x86 = Release|x86
	EndGlobalSection
	GlobalSection(ProjectConfigurationPlatforms) = postSolution
		{770761A1-633B-46B0-8FEE-DDD1F5640043}.Debug|x64.ActiveCfg = Debug|x64
		{770761A1-633B-46B0-8FEE-DDD1F5640043}.Debug|x64.Build.0 = Debug|x64
		{770761A1-633B-46B0-8FEE-DDD1F5640043}.Debug|x86.ActiveCfg = Debug|Win32
		{770761A1-633B-46B0-8FEE-DDD1F5640043}.Debug|x86.Build.0 = Debug|Win32
		{770761A1-633B-46B0-8FEE-DDD1F5640043}.Release|x64.ActiveCfg = Release|x64
		{770761A1-633B-46B0-8FEE-DDD1F5640043}.Release|x64.Build.0 = Release|x64
		{770761A1-633B-46B0-8FEE-DDD1F5640043}.Release|x86.ActiveCfg = Release|Win32
		{770761A1-633B-46B0-8FEE-DDD1F5640043}.Release|x86.Build.0 = Release|Win32
		{20CF34F5-53F0-4D30-92C3-EFDAD578FC19}.Debug|x64.ActiveCfg = Debug|x64
		{20CF34F5-53F0-4D30-92C3-EFDAD578FC19}.Debug|x64.Build.0 = Debug|x64
		{20CF34F5-53F0-4D30-92C3-EFDAD578FC19}.Debug|x86.ActiveCfg = Debug|Win32
		{20CF34F5-53F0-4D30-92C3-EFDAD578FC19}.Debug|x86.Build.0 = Debug|Win32
		{20CF34F5-53F0-4D30-92C3-EFDAD578FC19}.Release|x64.ActiveCfg = Release|x64
		{20CF34F5-53F0-4D30-92C3-EFDAD578FC19}.Release|x64.Build.0 = Release|x64
		{20CF34F5-53F0-4D30-92C3-EFDAD578FC19}.Release|x86.ActiveCfg = Release|Win32
		{20CF34F5-53F0-4D30-92C3-EFDAD578FC19}.Release|x86.Build.0 = Release|Win32
		{58211F43-441C-4C1A-A70E-7726CCD6549A}.Debug|x64.ActiveCfg = Debug|x64
		{58211F43-441C-4C1A-A70E-7726CCD6549A}.Debug|x64.Build.0 = Debug|x64
		{58211F43-441C-4C1A-A70E-7726CCD6549A}.Debug|x86.ActiveCfg = Debug|Win32
		{58211F43-441C-4C1A-A70E-7726CCD6549A}.Debug|x86.Build.0 = Debug|Win32
		{58211F43-441C-4C1A-A70E-7726CCD6549A}.Release|x64.ActiveCfg = Release|x64
		{58211F43-441C-4C1A-A70E-7726CCD6549A}.Release|x64.Build.0 = Release|x64
		{58211F43-441C-4C1A-A70E-7726CCD6549A}.Release|x86.ActiveCfg = Release|Win32
		{58211F43-441C-4C1A-A70E-7726CCD6549A}.Release|x86.Build.0 = Release|Win32
		{BC4F5B27-823C-4AC7-87A8-A85F0E0DD213}.Debug|x64.ActiveCfg = Debug|x64
		{BC4F5B27-823C-4AC7-87A8-A85F0E0DD213}.Debug|x64.Build.0 = Debug|x64
		{BC4F5B27-823C-4AC7-87A8-A85F0E0DD213}.Debug|x86.ActiveCfg = Debug|Win32
		{BC4F5B27-823C-4AC7-87A8-A85F0E0DD213}.Debug|x86.Build.0 = Debug|Win32
		{BC4F5B27-823C-4AC7-87A8-A85F0E0DD213}.Release|x64.ActiveCfg = Release|x64
		{BC4F5B27-823C-4AC7-87A8-A85F0E0DD213}.Release|x64.Build.0 = Release|x64
		{BC4F5B27-823C-4AC7-87A8-A85F0E0DD213}.Release|x86.ActiveCfg = Release|Win32
		{BC4F5B27-823C-4AC7-87A8-A85F0E0DD213}.Release|x86.Build.0 = Release|Win32
		{104F4010-E421-4457-B796-01D6C70F066C}.Debug|x64.ActiveCfg = Debug|x64
		{104F4010-E421-4457-B796-01D6C70F066C}.Debug|x64.Build.0 = Debug|x64
		{104F4010-E421-4457-B796-01D6C70F066C}.Debug|x86.ActiveCfg = Debug|Win32
		{104F4010-E421-4457-B796-01D6C70F066C}.Debug|x86.Build.0 = Debug|Win32
		{104F4010-E421-4457-B796-01D6C70F066C}.Release|x64.ActiveCfg = Release|x64
		{104F4010-E421-4457-B796-01D6C70F066C}.Release|x64.Build.0 = Release|x64
		{104F4010-E421-4457-B796-01D6C70F066C}.Release|x86.ActiveCfg = Release|Win32
		{104F4010-E421-4457-B796-01D6C70F066C}.Release|x86.Build.0 = Release|Win32
		{DB25940B-AE32-49BA-B94A-91B9F01784F2}.Debug|x64.ActiveCfg = Debug|x64
		{DB25940B-AE32-49BA-B94A-91B9F01784F2}.Debug|x64.Build.0 = Debug|x64
		{DB25940B-AE32-49BA-B94A-91B9F01784F2}.Debug|x86.ActiveCfg = Debug|Win32
		{DB25940B-AE32-49BA-B94A-91B9F01784F2}.Debug|x86.Build.0 = Debug|Win32
		{DB25940B-AE32-49BA-B94A-91B9F01784F2}.Release|x64.ActiveCfg = Release|x64
		{DB25940B-AE32-49BA-B94A-91B9F01784F2}.Release|x64.Build.0 = Release|x64
		{DB25940B-AE32-49BA-B94A-91B9F01784F2}.Release|x86.ActiveCfg = Release|Win32
		{DB25940B-AE32-49BA-B94A-91B9F01784F2}.Release|x86.Build.0 = Release|Win32
		{1521DF56-4771-4BEB-922A-C7B3ED8C0578}.Debug|x64.ActiveCfg = Debug|x64
		{1521DF56-4771-4BEB-922A-C7B3ED8C0578}.Debug|x64.Build.0 = Debug|x64
		{1521DF56-4771-4BEB-922A-C7B3ED8C0578}.Debug|x86.ActiveCfg = Debug|Win32
		{1521DF56-4771-4BEB-922A-C7B3ED8C0578}.Debug|x86.Build.0 = Debug|Win32
		{1521DF56-4771-4BEB-922A-C7B3ED8C0578}.Release|x64.ActiveCfg = Release|x64
		{1521DF56-4771-4BEB-922A-C7B3ED8C0578}.Release|x64.Build.0 = Release|x64
		{1521DF56-4771-4BEB-922A-C7B3ED8C0578}.Release|x86.ActiveCfg = Release|Win32
		{1521DF56-4771-4BEB-922A-C7B3ED8C0578}.Release|x86.Build.0 = Release|Win32
	EndGlobalSection
	GlobalSection(SolutionProperties) = preSolution
		HideSolutionNode = FALSE
	EndGlobalSection
	GlobalSection(ExtensibilityGlobals) = postSolution
		SolutionGuid = {65BC0BEA-A207-4392-B53F-EDBABF1514EF}
	EndGlobalSection
EndGlobal
